
Microsoft Visual Studio Solution File, Format Version 12.00
# Visual Studio Version 16
VisualStudioVersion = 16.0.31019.35
MinimumVisualStudioVersion = 10.0.40219.1
Project("{9A19103F-16F7-4668-BE54-9A1E7A4F7556}") = "WeatherForecast.Server", "WeatherForecast\Server\WeatherForecast.Server.csproj", "{B8F2C74D-2D2C-4C0A-8303-051B00929EC4}"
EndProject
Project("{9A19103F-16F7-4668-BE54-9A1E7A4F7556}") = "Appsfactory.WeatherForecast.Server.UnitTest", "UnitTest\KickBase.Server.UnitTest\Appsfactory.WeatherForecast.Server.UnitTest.csproj", "{F17ABF4F-E962-41DE-851F-73941B4DD558}"
EndProject
Project("{9A19103F-16F7-4668-BE54-9A1E7A4F7556}") = "Appsfactory.WeatherForecast.Server.IntegrationTest", "IntegrationTest\KickBase.Server.IntegrationTest\Appsfactory.WeatherForecast.Server.IntegrationTest.csproj", "{880A2582-008C-4732-A228-277826730DEB}"
EndProject
Project("{FAE04EC0-301F-11D3-BF4B-00C04F79EFBC}") = "OpenWeatherForecastService", "OpenWeatherForecastService\OpenWeatherForecastService.csproj", "{2A5C18FE-5BAF-4108-8FA9-257B5C3C0FF2}"
EndProject
Project("{FAE04EC0-301F-11D3-BF4B-00C04F79EFBC}") = "WeatherForecast.SharedTypes", "WeatherForecast.SharedTypes\WeatherForecast.SharedTypes.csproj", "{5B3EE71E-84EA-426C-84BD-AFB8FD7A53C4}"
EndProject
Global
	GlobalSection(SolutionConfigurationPlatforms) = preSolution
		Debug|Any CPU = Debug|Any CPU
		Release|Any CPU = Release|Any CPU
	EndGlobalSection
	GlobalSection(ProjectConfigurationPlatforms) = postSolution
		{B8F2C74D-2D2C-4C0A-8303-051B00929EC4}.Debug|Any CPU.ActiveCfg = Debug|Any CPU
		{B8F2C74D-2D2C-4C0A-8303-051B00929EC4}.Debug|Any CPU.Build.0 = Debug|Any CPU
		{B8F2C74D-2D2C-4C0A-8303-051B00929EC4}.Release|Any CPU.ActiveCfg = Release|Any CPU
		{B8F2C74D-2D2C-4C0A-8303-051B00929EC4}.Release|Any CPU.Build.0 = Release|Any CPU
		{F17ABF4F-E962-41DE-851F-73941B4DD558}.Debug|Any CPU.ActiveCfg = Debug|Any CPU
		{F17ABF4F-E962-41DE-851F-73941B4DD558}.Debug|Any CPU.Build.0 = Debug|Any CPU
		{F17ABF4F-E962-41DE-851F-73941B4DD558}.Release|Any CPU.ActiveCfg = Release|Any CPU
		{F17ABF4F-E962-41DE-851F-73941B4DD558}.Release|Any CPU.Build.0 = Release|Any CPU
		{880A2582-008C-4732-A228-277826730DEB}.Debug|Any CPU.ActiveCfg = Debug|Any CPU
		{880A2582-008C-4732-A228-277826730DEB}.Debug|Any CPU.Build.0 = Debug|Any CPU
		{880A2582-008C-4732-A228-277826730DEB}.Release|Any CPU.ActiveCfg = Release|Any CPU
		{880A2582-008C-4732-A228-277826730DEB}.Release|Any CPU.Build.0 = Release|Any CPU
		{2A5C18FE-5BAF-4108-8FA9-257B5C3C0FF2}.Debug|Any CPU.ActiveCfg = Debug|Any CPU
		{2A5C18FE-5BAF-4108-8FA9-257B5C3C0FF2}.Debug|Any CPU.Build.0 = Debug|Any CPU
		{2A5C18FE-5BAF-4108-8FA9-257B5C3C0FF2}.Release|Any CPU.ActiveCfg = Release|Any CPU
		{2A5C18FE-5BAF-4108-8FA9-257B5C3C0FF2}.Release|Any CPU.Build.0 = Release|Any CPU
		{5B3EE71E-84EA-426C-84BD-AFB8FD7A53C4}.Debug|Any CPU.ActiveCfg = Debug|Any CPU
		{5B3EE71E-84EA-426C-84BD-AFB8FD7A53C4}.Debug|Any CPU.Build.0 = Debug|Any CPU
		{5B3EE71E-84EA-426C-84BD-AFB8FD7A53C4}.Release|Any CPU.ActiveCfg = Release|Any CPU
		{5B3EE71E-84EA-426C-84BD-AFB8FD7A53C4}.Release|Any CPU.Build.0 = Release|Any CPU
	EndGlobalSection
	GlobalSection(SolutionProperties) = preSolution
		HideSolutionNode = FALSE
	EndGlobalSection
	GlobalSection(ExtensibilityGlobals) = postSolution
		SolutionGuid = {3E573040-2695-4B44-8D89-18781A3EAAC8}
	EndGlobalSection
EndGlobal
